
Microsoft Visual Studio Solution File, Format Version 12.00
# Visual Studio Version 16
VisualStudioVersion = 16.0.28407.52
MinimumVisualStudioVersion = 10.0.40219.1
Project("{FAE04EC0-301F-11D3-BF4B-00C04F79EFBC}") = "PoE-Trade-Bot", "PoE-Trade-Bot.csproj", "{CCE60936-F6E3-4812-84D5-ACDDE1703569}"
EndProject
Global
	GlobalSection(SolutionConfigurationPlatforms) = preSolution
		Debug|Any CPU = Debug|Any CPU
		Release|Any CPU = Release|Any CPU
	EndGlobalSection
	GlobalSection(ProjectConfigurationPlatforms) = postSolution
		{CCE60936-F6E3-4812-84D5-ACDDE1703569}.Debug|Any CPU.ActiveCfg = Debug|Any CPU
		{CCE60936-F6E3-4812-84D5-ACDDE1703569}.Debug|Any CPU.Build.0 = Debug|Any CPU
		{CCE60936-F6E3-4812-84D5-ACDDE1703569}.Release|Any CPU.ActiveCfg = Release|Any CPU
		{CCE60936-F6E3-4812-84D5-ACDDE1703569}.Release|Any CPU.Build.0 = Release|Any CPU
	EndGlobalSection
	GlobalSection(SolutionProperties) = preSolution
		HideSolutionNode = FALSE
	EndGlobalSection
	GlobalSection(ExtensibilityGlobals) = postSolution
		SolutionGuid = {ECC9C022-50EE-4FE2-A9D5-FA9852908882}
	EndGlobalSection
EndGlobal
